
Microsoft Visual Studio Solution File, Format Version 12.00
# Visual Studio Version 16
VisualStudioVersion = 16.0.28803.156
MinimumVisualStudioVersion = 10.0.40219.1
Project("{FAE04EC0-301F-11D3-BF4B-00C04F79EFBC}") = "SC_WPF_VR", "SC_WPF_VR\SC_WPF_VR.csproj", "{3660A57F-35FC-434A-B0DA-138C7F23FD21}"
EndProject
Global
	GlobalSection(SolutionConfigurationPlatforms) = preSolution
		Debug|Any CPU = Debug|Any CPU
		Release|Any CPU = Release|Any CPU
	EndGlobalSection
	GlobalSection(ProjectConfigurationPlatforms) = postSolution
		{3660A57F-35FC-434A-B0DA-138C7F23FD21}.Debug|Any CPU.ActiveCfg = Debug|Any CPU
		{3660A57F-35FC-434A-B0DA-138C7F23FD21}.Debug|Any CPU.Build.0 = Debug|Any CPU
		{3660A57F-35FC-434A-B0DA-138C7F23FD21}.Release|Any CPU.ActiveCfg = Release|Any CPU
		{3660A57F-35FC-434A-B0DA-138C7F23FD21}.Release|Any CPU.Build.0 = Release|Any CPU
	EndGlobalSection
	GlobalSection(SolutionProperties) = preSolution
		HideSolutionNode = FALSE
	EndGlobalSection
	GlobalSection(ExtensibilityGlobals) = postSolution
		SolutionGuid = {EAC5751F-0976-4EF5-9A96-E05865A0690B}
	EndGlobalSection
EndGlobal
